
Microsoft Visual Studio Solution File, Format Version 12.00
# Visual Studio 15
VisualStudioVersion = 15.0.27130.0
MinimumVisualStudioVersion = 10.0.40219.1
Project("{2150E333-8FDC-42A3-9474-1A3956D46DE8}") = "Authorizations", "Authorizations", "{2BC6778D-6634-4311-AA66-CCFE525EBD11}"
EndProject
Project("{2150E333-8FDC-42A3-9474-1A3956D46DE8}") = "WebAPIs", "WebAPIs", "{FE316B06-862A-4E93-AE8C-C26BA5D981F9}"
EndProject
Project("{2150E333-8FDC-42A3-9474-1A3956D46DE8}") = "Applications", "Applications", "{7A74B082-85C2-40DB-9399-C2990E1B3C5E}"
EndProject
Project("{2150E333-8FDC-42A3-9474-1A3956D46DE8}") = "Domains", "Domains", "{EE1DB599-A816-4D63-8348-BFF28497D295}"
EndProject
Project("{2150E333-8FDC-42A3-9474-1A3956D46DE8}") = "Infrastructures", "Infrastructures", "{45AF3884-041C-4AF7-BE87-71F45812C165}"
EndProject
Project("{2150E333-8FDC-42A3-9474-1A3956D46DE8}") = "Tests", "Tests", "{C90761A8-76BA-4EFA-A81F-DA6B691C4E76}"
EndProject
Project("{FAE04EC0-301F-11D3-BF4B-00C04F79EFBC}") = "DapperRepositories", "Infrastructures\DapperRepositories\DapperRepositories.csproj", "{775B03EB-76D7-4206-9D7A-72D9033D3516}"
EndProject
Project("{FAE04EC0-301F-11D3-BF4B-00C04F79EFBC}") = "AuthorizationServer", "Authorizations\TianQin365.AuthorizationServer\AuthorizationServer.csproj", "{0F5C3CF7-75A6-46EA-9B88-F6AB2418B685}"
EndProject
Project("{FAE04EC0-301F-11D3-BF4B-00C04F79EFBC}") = "OrganizationAPI", "WebAPIs\TianQin365.OrganizationAPI\OrganizationAPI.csproj", "{008BE510-3AAA-4EB6-BDE8-356DEAC97191}"
EndProject
Project("{2150E333-8FDC-42A3-9474-1A3956D46DE8}") = "WebAPIs.Tests", "WebAPIs.Tests", "{1B72DC72-20A8-4AF0-B338-1CF7616858F3}"
EndProject
Project("{FAE04EC0-301F-11D3-BF4B-00C04F79EFBC}") = "OrganizationAPI.Tests", "Tests\WebAPIs.Tests\TianQin365.OrganizationAPI.Tests\OrganizationAPI.Tests.csproj", "{8E1CA7ED-DB47-4CD7-8AC2-AF2FECA72125}"
EndProject
Project("{2150E333-8FDC-42A3-9474-1A3956D46DE8}") = "Infrastructures.Tests", "Infrastructures.Tests", "{8541B428-CA5A-4995-8F80-8E3B2502F62F}"
EndProject
Project("{FAE04EC0-301F-11D3-BF4B-00C04F79EFBC}") = "Organization.Repositories.Tests", "Tests\Infrastructures.Tests\TianQin365.Organization.Repositories.Tests\Organization.Repositories.Tests.csproj", "{BA917B9C-9C5A-4559-B92D-D8B10B39D37B}"
EndProject
Project("{FAE04EC0-301F-11D3-BF4B-00C04F79EFBC}") = "Organization", "Domains\TianQin365.Organization\Organization.csproj", "{4780AE94-6BDA-4632-BD45-E2F265D65F66}"
EndProject
Project("{FAE04EC0-301F-11D3-BF4B-00C04F79EFBC}") = "Common", "Infrastructures\TianQin365.Common\Common.csproj", "{3128BAD5-C1F1-48D6-A587-1DED23F19521}"
EndProject
Project("{FAE04EC0-301F-11D3-BF4B-00C04F79EFBC}") = "Organization.Repositories", "Infrastructures\TianQin36.Organization.Repositories\Organization.Repositories.csproj", "{1F3A5476-C60F-4F70-8127-5CAF3295D6BA}"
EndProject
Project("{FAE04EC0-301F-11D3-BF4B-00C04F79EFBC}") = "Organization.Application", "Applications\TianQin365.Organization.Application\Organization.Application.csproj", "{989BF93C-3C3C-433D-84B9-3BE8F3584ACC}"
EndProject
Project("{2150E333-8FDC-42A3-9474-1A3956D46DE8}") = "Tools", "Tools", "{E728D13B-CDA7-4654-84D0-B783371FFC04}"
EndProject
Project("{FAE04EC0-301F-11D3-BF4B-00C04F79EFBC}") = "Tools", "Tools\TianQin365.Tools\Tools.csproj", "{79FCA2BD-723E-4B21-B6B5-6AD3AD290D47}"
EndProject
Project("{FAE04EC0-301F-11D3-BF4B-00C04F79EFBC}") = "Common.Tests", "Tests\Infrastructures.Tests\TianQin365.Common.Tests\Common.Tests.csproj", "{BDBD3F4A-5F0C-48EC-B40F-176D53D83AAF}"
EndProject
Project("{FAE04EC0-301F-11D3-BF4B-00C04F79EFBC}") = "BookAPI", "BookAPI\BookAPI.csproj", "{82558F63-0266-47F5-919B-324252866400}"
EndProject
Global
	GlobalSection(SolutionConfigurationPlatforms) = preSolution
		Debug|Any CPU = Debug|Any CPU
		Release|Any CPU = Release|Any CPU
	EndGlobalSection
	GlobalSection(ProjectConfigurationPlatforms) = postSolution
		{775B03EB-76D7-4206-9D7A-72D9033D3516}.Debug|Any CPU.ActiveCfg = Debug|Any CPU
		{775B03EB-76D7-4206-9D7A-72D9033D3516}.Debug|Any CPU.Build.0 = Debug|Any CPU
		{775B03EB-76D7-4206-9D7A-72D9033D3516}.Release|Any CPU.ActiveCfg = Release|Any CPU
		{775B03EB-76D7-4206-9D7A-72D9033D3516}.Release|Any CPU.Build.0 = Release|Any CPU
		{0F5C3CF7-75A6-46EA-9B88-F6AB2418B685}.Debug|Any CPU.ActiveCfg = Debug|Any CPU
		{0F5C3CF7-75A6-46EA-9B88-F6AB2418B685}.Debug|Any CPU.Build.0 = Debug|Any CPU
		{0F5C3CF7-75A6-46EA-9B88-F6AB2418B685}.Release|Any CPU.ActiveCfg = Release|Any CPU
		{0F5C3CF7-75A6-46EA-9B88-F6AB2418B685}.Release|Any CPU.Build.0 = Release|Any CPU
		{008BE510-3AAA-4EB6-BDE8-356DEAC97191}.Debug|Any CPU.ActiveCfg = Debug|Any CPU
		{008BE510-3AAA-4EB6-BDE8-356DEAC97191}.Debug|Any CPU.Build.0 = Debug|Any CPU
		{008BE510-3AAA-4EB6-BDE8-356DEAC97191}.Release|Any CPU.ActiveCfg = Release|Any CPU
		{008BE510-3AAA-4EB6-BDE8-356DEAC97191}.Release|Any CPU.Build.0 = Release|Any CPU
		{8E1CA7ED-DB47-4CD7-8AC2-AF2FECA72125}.Debug|Any CPU.ActiveCfg = Debug|Any CPU
		{8E1CA7ED-DB47-4CD7-8AC2-AF2FECA72125}.Debug|Any CPU.Build.0 = Debug|Any CPU
		{8E1CA7ED-DB47-4CD7-8AC2-AF2FECA72125}.Release|Any CPU.ActiveCfg = Release|Any CPU
		{8E1CA7ED-DB47-4CD7-8AC2-AF2FECA72125}.Release|Any CPU.Build.0 = Release|Any CPU
		{BA917B9C-9C5A-4559-B92D-D8B10B39D37B}.Debug|Any CPU.ActiveCfg = Debug|Any CPU
		{BA917B9C-9C5A-4559-B92D-D8B10B39D37B}.Debug|Any CPU.Build.0 = Debug|Any CPU
		{BA917B9C-9C5A-4559-B92D-D8B10B39D37B}.Release|Any CPU.ActiveCfg = Release|Any CPU
		{BA917B9C-9C5A-4559-B92D-D8B10B39D37B}.Release|Any CPU.Build.0 = Release|Any CPU
		{4780AE94-6BDA-4632-BD45-E2F265D65F66}.Debug|Any CPU.ActiveCfg = Debug|Any CPU
		{4780AE94-6BDA-4632-BD45-E2F265D65F66}.Debug|Any CPU.Build.0 = Debug|Any CPU
		{4780AE94-6BDA-4632-BD45-E2F265D65F66}.Release|Any CPU.ActiveCfg = Release|Any CPU
		{4780AE94-6BDA-4632-BD45-E2F265D65F66}.Release|Any CPU.Build.0 = Release|Any CPU
		{3128BAD5-C1F1-48D6-A587-1DED23F19521}.Debug|Any CPU.ActiveCfg = Debug|Any CPU
		{3128BAD5-C1F1-48D6-A587-1DED23F19521}.Debug|Any CPU.Build.0 = Debug|Any CPU
		{3128BAD5-C1F1-48D6-A587-1DED23F19521}.Release|Any CPU.ActiveCfg = Release|Any CPU
		{3128BAD5-C1F1-48D6-A587-1DED23F19521}.Release|Any CPU.Build.0 = Release|Any CPU
		{1F3A5476-C60F-4F70-8127-5CAF3295D6BA}.Debug|Any CPU.ActiveCfg = Debug|Any CPU
		{1F3A5476-C60F-4F70-8127-5CAF3295D6BA}.Debug|Any CPU.Build.0 = Debug|Any CPU
		{1F3A5476-C60F-4F70-8127-5CAF3295D6BA}.Release|Any CPU.ActiveCfg = Release|Any CPU
		{1F3A5476-C60F-4F70-8127-5CAF3295D6BA}.Release|Any CPU.Build.0 = Release|Any CPU
		{989BF93C-3C3C-433D-84B9-3BE8F3584ACC}.Debug|Any CPU.ActiveCfg = Debug|Any CPU
		{989BF93C-3C3C-433D-84B9-3BE8F3584ACC}.Debug|Any CPU.Build.0 = Debug|Any CPU
		{989BF93C-3C3C-433D-84B9-3BE8F3584ACC}.Release|Any CPU.ActiveCfg = Release|Any CPU
		{989BF93C-3C3C-433D-84B9-3BE8F3584ACC}.Release|Any CPU.Build.0 = Release|Any CPU
		{79FCA2BD-723E-4B21-B6B5-6AD3AD290D47}.Debug|Any CPU.ActiveCfg = Debug|Any CPU
		{79FCA2BD-723E-4B21-B6B5-6AD3AD290D47}.Debug|Any CPU.Build.0 = Debug|Any CPU
		{79FCA2BD-723E-4B21-B6B5-6AD3AD290D47}.Release|Any CPU.ActiveCfg = Release|Any CPU
		{79FCA2BD-723E-4B21-B6B5-6AD3AD290D47}.Release|Any CPU.Build.0 = Release|Any CPU
		{BDBD3F4A-5F0C-48EC-B40F-176D53D83AAF}.Debug|Any CPU.ActiveCfg = Debug|Any CPU
		{BDBD3F4A-5F0C-48EC-B40F-176D53D83AAF}.Debug|Any CPU.Build.0 = Debug|Any CPU
		{BDBD3F4A-5F0C-48EC-B40F-176D53D83AAF}.Release|Any CPU.ActiveCfg = Release|Any CPU
		{BDBD3F4A-5F0C-48EC-B40F-176D53D83AAF}.Release|Any CPU.Build.0 = Release|Any CPU
		{82558F63-0266-47F5-919B-324252866400}.Debug|Any CPU.ActiveCfg = Debug|Any CPU
		{82558F63-0266-47F5-919B-324252866400}.Debug|Any CPU.Build.0 = Debug|Any CPU
		{82558F63-0266-47F5-919B-324252866400}.Release|Any CPU.ActiveCfg = Release|Any CPU
		{82558F63-0266-47F5-919B-324252866400}.Release|Any CPU.Build.0 = Release|Any CPU
	EndGlobalSection
	GlobalSection(SolutionProperties) = preSolution
		HideSolutionNode = FALSE
	EndGlobalSection
	GlobalSection(NestedProjects) = preSolution
		{775B03EB-76D7-4206-9D7A-72D9033D3516} = {45AF3884-041C-4AF7-BE87-71F45812C165}
		{0F5C3CF7-75A6-46EA-9B88-F6AB2418B685} = {2BC6778D-6634-4311-AA66-CCFE525EBD11}
		{008BE510-3AAA-4EB6-BDE8-356DEAC97191} = {FE316B06-862A-4E93-AE8C-C26BA5D981F9}
		{1B72DC72-20A8-4AF0-B338-1CF7616858F3} = {C90761A8-76BA-4EFA-A81F-DA6B691C4E76}
		{8E1CA7ED-DB47-4CD7-8AC2-AF2FECA72125} = {1B72DC72-20A8-4AF0-B338-1CF7616858F3}
		{8541B428-CA5A-4995-8F80-8E3B2502F62F} = {C90761A8-76BA-4EFA-A81F-DA6B691C4E76}
		{BA917B9C-9C5A-4559-B92D-D8B10B39D37B} = {8541B428-CA5A-4995-8F80-8E3B2502F62F}
		{4780AE94-6BDA-4632-BD45-E2F265D65F66} = {EE1DB599-A816-4D63-8348-BFF28497D295}
		{3128BAD5-C1F1-48D6-A587-1DED23F19521} = {45AF3884-041C-4AF7-BE87-71F45812C165}
		{1F3A5476-C60F-4F70-8127-5CAF3295D6BA} = {45AF3884-041C-4AF7-BE87-71F45812C165}
		{989BF93C-3C3C-433D-84B9-3BE8F3584ACC} = {7A74B082-85C2-40DB-9399-C2990E1B3C5E}
		{79FCA2BD-723E-4B21-B6B5-6AD3AD290D47} = {E728D13B-CDA7-4654-84D0-B783371FFC04}
		{BDBD3F4A-5F0C-48EC-B40F-176D53D83AAF} = {8541B428-CA5A-4995-8F80-8E3B2502F62F}
		{82558F63-0266-47F5-919B-324252866400} = {FE316B06-862A-4E93-AE8C-C26BA5D981F9}
	EndGlobalSection
	GlobalSection(ExtensibilityGlobals) = postSolution
		SolutionGuid = {515168E7-E100-48D2-99C8-88A343CBE891}
	EndGlobalSection
EndGlobal
